
Microsoft Visual Studio Solution File, Format Version 12.00
# Visual Studio 15
VisualStudioVersion = 15.0.27130.2024
MinimumVisualStudioVersion = 10.0.40219.1
Project("{E24C65DC-7377-472B-9ABA-BC803B73C61A}") = "testWebApp", "testWebApp\", "{F56A11C0-103E-4DFB-ADAB-E48163B2EAFC}"
	ProjectSection(WebsiteProperties) = preProject
		TargetFrameworkMoniker = ".NETFramework,Version%3Dv4.6.1"
		Debug.AspNetCompiler.VirtualPath = "/localhost_56320"
		Debug.AspNetCompiler.PhysicalPath = "testWebApp\"
		Debug.AspNetCompiler.TargetPath = "PrecompiledWeb\localhost_56320\"
		Debug.AspNetCompiler.Updateable = "true"
		Debug.AspNetCompiler.ForceOverwrite = "true"
		Debug.AspNetCompiler.FixedNames = "false"
		Debug.AspNetCompiler.Debug = "True"
		Release.AspNetCompiler.VirtualPath = "/localhost_56320"
		Release.AspNetCompiler.PhysicalPath = "testWebApp\"
		Release.AspNetCompiler.TargetPath = "PrecompiledWeb\localhost_56320\"
		Release.AspNetCompiler.Updateable = "true"
		Release.AspNetCompiler.ForceOverwrite = "true"
		Release.AspNetCompiler.FixedNames = "false"
		Release.AspNetCompiler.Debug = "False"
		VWDPort = "56320"
		SlnRelativePath = "testWebApp\"
		DefaultWebSiteLanguage = "Visual C#"
	EndProjectSection
EndProject
Global
	GlobalSection(SolutionConfigurationPlatforms) = preSolution
		Debug|Any CPU = Debug|Any CPU
	EndGlobalSection
	GlobalSection(ProjectConfigurationPlatforms) = postSolution
		{F56A11C0-103E-4DFB-ADAB-E48163B2EAFC}.Debug|Any CPU.ActiveCfg = Debug|Any CPU
		{F56A11C0-103E-4DFB-ADAB-E48163B2EAFC}.Debug|Any CPU.Build.0 = Debug|Any CPU
	EndGlobalSection
	GlobalSection(SolutionProperties) = preSolution
		HideSolutionNode = FALSE
	EndGlobalSection
	GlobalSection(ExtensibilityGlobals) = postSolution
		SolutionGuid = {6C7EF721-B238-45A7-A790-C009FEC5D335}
	EndGlobalSection
EndGlobal
